
Microsoft Visual Studio Solution File, Format Version 12.00
# Visual Studio Version 17
VisualStudioVersion = 17.14.36623.8 d17.14
MinimumVisualStudioVersion = 10.0.40219.1
Project("{FAE04EC0-301F-11D3-BF4B-00C04F79EFBC}") = "InventoryService.Api", "InventoryService.Api\InventoryService.Api.csproj", "{26DB0B1A-F21C-46ED-A06A-E09850AA6BD4}"
EndProject
Project("{FAE04EC0-301F-11D3-BF4B-00C04F79EFBC}") = "InventoryService.Application", "InventoryService.Application\InventoryService.Application.csproj", "{1EB7AB56-1BE8-4270-B413-3BDE41F34118}"
EndProject
Project("{FAE04EC0-301F-11D3-BF4B-00C04F79EFBC}") = "InventoryService.Domain", "InventoryService.Domain\InventoryService.Domain.csproj", "{E960AE33-886C-4265-8567-8D34D7B07C58}"
EndProject
Project("{FAE04EC0-301F-11D3-BF4B-00C04F79EFBC}") = "InventoryService.Infrastructure", "InventoryService.Infrastructure\InventoryService.Infrastructure.csproj", "{ED6F1ED9-1F0E-446C-9B31-0F4E3E3B133C}"
EndProject
Project("{FAE04EC0-301F-11D3-BF4B-00C04F79EFBC}") = "InventoryService.Tests", "InventoryService.Tests\InventoryService.Tests.csproj", "{10BF6B3C-A86F-4DAA-8537-684B5DCF9631}"
EndProject
Global
	GlobalSection(SolutionConfigurationPlatforms) = preSolution
		Debug|Any CPU = Debug|Any CPU
		Release|Any CPU = Release|Any CPU
	EndGlobalSection
	GlobalSection(ProjectConfigurationPlatforms) = postSolution
		{26DB0B1A-F21C-46ED-A06A-E09850AA6BD4}.Debug|Any CPU.ActiveCfg = Debug|Any CPU
		{26DB0B1A-F21C-46ED-A06A-E09850AA6BD4}.Debug|Any CPU.Build.0 = Debug|Any CPU
		{26DB0B1A-F21C-46ED-A06A-E09850AA6BD4}.Release|Any CPU.ActiveCfg = Release|Any CPU
		{26DB0B1A-F21C-46ED-A06A-E09850AA6BD4}.Release|Any CPU.Build.0 = Release|Any CPU
		{1EB7AB56-1BE8-4270-B413-3BDE41F34118}.Debug|Any CPU.ActiveCfg = Debug|Any CPU
		{1EB7AB56-1BE8-4270-B413-3BDE41F34118}.Debug|Any CPU.Build.0 = Debug|Any CPU
		{1EB7AB56-1BE8-4270-B413-3BDE41F34118}.Release|Any CPU.ActiveCfg = Release|Any CPU
		{1EB7AB56-1BE8-4270-B413-3BDE41F34118}.Release|Any CPU.Build.0 = Release|Any CPU
		{E960AE33-886C-4265-8567-8D34D7B07C58}.Debug|Any CPU.ActiveCfg = Debug|Any CPU
		{E960AE33-886C-4265-8567-8D34D7B07C58}.Debug|Any CPU.Build.0 = Debug|Any CPU
		{E960AE33-886C-4265-8567-8D34D7B07C58}.Release|Any CPU.ActiveCfg = Release|Any CPU
		{E960AE33-886C-4265-8567-8D34D7B07C58}.Release|Any CPU.Build.0 = Release|Any CPU
		{ED6F1ED9-1F0E-446C-9B31-0F4E3E3B133C}.Debug|Any CPU.ActiveCfg = Debug|Any CPU
		{ED6F1ED9-1F0E-446C-9B31-0F4E3E3B133C}.Debug|Any CPU.Build.0 = Debug|Any CPU
		{ED6F1ED9-1F0E-446C-9B31-0F4E3E3B133C}.Release|Any CPU.ActiveCfg = Release|Any CPU
		{ED6F1ED9-1F0E-446C-9B31-0F4E3E3B133C}.Release|Any CPU.Build.0 = Release|Any CPU
		{10BF6B3C-A86F-4DAA-8537-684B5DCF9631}.Debug|Any CPU.ActiveCfg = Debug|Any CPU
		{10BF6B3C-A86F-4DAA-8537-684B5DCF9631}.Debug|Any CPU.Build.0 = Debug|Any CPU
		{10BF6B3C-A86F-4DAA-8537-684B5DCF9631}.Release|Any CPU.ActiveCfg = Release|Any CPU
		{10BF6B3C-A86F-4DAA-8537-684B5DCF9631}.Release|Any CPU.Build.0 = Release|Any CPU
	EndGlobalSection
	GlobalSection(SolutionProperties) = preSolution
		HideSolutionNode = FALSE
	EndGlobalSection
	GlobalSection(ExtensibilityGlobals) = postSolution
		SolutionGuid = {1EE8BBDC-34F7-4616-80B3-95AB9BAF472B}
	EndGlobalSection
EndGlobal
